
Microsoft Visual Studio Solution File, Format Version 12.00
# Visual Studio Version 17
VisualStudioVersion = 17.3.32929.385
MinimumVisualStudioVersion = 10.0.40219.1
Project("{9A19103F-16F7-4668-BE54-9A1E7A4F7556}") = "esercizio banche", "Class.Lesson\esercizio banche.csproj", "{80B9A69C-8969-4FA6-97EA-23CFCAAAC56F}"
EndProject
Project("{9A19103F-16F7-4668-BE54-9A1E7A4F7556}") = "esercizio classe astratta", "esercizio classe astratta\esercizio classe astratta.csproj", "{82C459C7-A8F7-4920-B1A1-D0205AD1CDB8}"
EndProject
Project("{FAE04EC0-301F-11D3-BF4B-00C04F79EFBC}") = "Esercizio Paesi", "Esercizio Paesi\Esercizio Paesi.csproj", "{19078F1C-8589-466D-B4CF-3668178412FF}"
EndProject
Global
	GlobalSection(SolutionConfigurationPlatforms) = preSolution
		Debug|Any CPU = Debug|Any CPU
		Release|Any CPU = Release|Any CPU
	EndGlobalSection
	GlobalSection(ProjectConfigurationPlatforms) = postSolution
		{80B9A69C-8969-4FA6-97EA-23CFCAAAC56F}.Debug|Any CPU.ActiveCfg = Debug|Any CPU
		{80B9A69C-8969-4FA6-97EA-23CFCAAAC56F}.Debug|Any CPU.Build.0 = Debug|Any CPU
		{80B9A69C-8969-4FA6-97EA-23CFCAAAC56F}.Release|Any CPU.ActiveCfg = Release|Any CPU
		{80B9A69C-8969-4FA6-97EA-23CFCAAAC56F}.Release|Any CPU.Build.0 = Release|Any CPU
		{82C459C7-A8F7-4920-B1A1-D0205AD1CDB8}.Debug|Any CPU.ActiveCfg = Debug|Any CPU
		{82C459C7-A8F7-4920-B1A1-D0205AD1CDB8}.Debug|Any CPU.Build.0 = Debug|Any CPU
		{82C459C7-A8F7-4920-B1A1-D0205AD1CDB8}.Release|Any CPU.ActiveCfg = Release|Any CPU
		{82C459C7-A8F7-4920-B1A1-D0205AD1CDB8}.Release|Any CPU.Build.0 = Release|Any CPU
		{19078F1C-8589-466D-B4CF-3668178412FF}.Debug|Any CPU.ActiveCfg = Debug|Any CPU
		{19078F1C-8589-466D-B4CF-3668178412FF}.Debug|Any CPU.Build.0 = Debug|Any CPU
		{19078F1C-8589-466D-B4CF-3668178412FF}.Release|Any CPU.ActiveCfg = Release|Any CPU
		{19078F1C-8589-466D-B4CF-3668178412FF}.Release|Any CPU.Build.0 = Release|Any CPU
	EndGlobalSection
	GlobalSection(SolutionProperties) = preSolution
		HideSolutionNode = FALSE
	EndGlobalSection
	GlobalSection(ExtensibilityGlobals) = postSolution
		SolutionGuid = {4F63EDBA-758A-4600-9C7D-653F9CE94643}
	EndGlobalSection
EndGlobal
